
Microsoft Visual Studio Solution File, Format Version 12.00
# Visual Studio Version 17
VisualStudioVersion = 17.10.34928.147
MinimumVisualStudioVersion = 10.0.40219.1
Project("{FAE04EC0-301F-11D3-BF4B-00C04F79EFBC}") = "ConceptsPOO", "ConceptsPOO.csproj", "{B162CE8E-E186-4E19-98EC-2D50E5B0DCDA}"
EndProject
Global
	GlobalSection(SolutionConfigurationPlatforms) = preSolution
		Debug|Any CPU = Debug|Any CPU
		Release|Any CPU = Release|Any CPU
	EndGlobalSection
	GlobalSection(ProjectConfigurationPlatforms) = postSolution
		{B162CE8E-E186-4E19-98EC-2D50E5B0DCDA}.Debug|Any CPU.ActiveCfg = Debug|Any CPU
		{B162CE8E-E186-4E19-98EC-2D50E5B0DCDA}.Debug|Any CPU.Build.0 = Debug|Any CPU
		{B162CE8E-E186-4E19-98EC-2D50E5B0DCDA}.Release|Any CPU.ActiveCfg = Release|Any CPU
		{B162CE8E-E186-4E19-98EC-2D50E5B0DCDA}.Release|Any CPU.Build.0 = Release|Any CPU
	EndGlobalSection
	GlobalSection(SolutionProperties) = preSolution
		HideSolutionNode = FALSE
	EndGlobalSection
	GlobalSection(ExtensibilityGlobals) = postSolution
		SolutionGuid = {A20CBB4D-BED9-4309-BFD7-AA51D3737476}
	EndGlobalSection
EndGlobal
